
Microsoft Visual Studio Solution File, Format Version 12.00
# Visual Studio Version 16
VisualStudioVersion = 16.0.31129.286
MinimumVisualStudioVersion = 10.0.40219.1
Project("{FAE04EC0-301F-11D3-BF4B-00C04F79EFBC}") = "OnlineRent", "OnlineRent\OnlineRent.csproj", "{5C3B08EF-4A0B-4DE3-9083-5C27A4104725}"
EndProject
Global
	GlobalSection(SolutionConfigurationPlatforms) = preSolution
		Debug|Any CPU = Debug|Any CPU
		Release|Any CPU = Release|Any CPU
	EndGlobalSection
	GlobalSection(ProjectConfigurationPlatforms) = postSolution
		{5C3B08EF-4A0B-4DE3-9083-5C27A4104725}.Debug|Any CPU.ActiveCfg = Debug|Any CPU
		{5C3B08EF-4A0B-4DE3-9083-5C27A4104725}.Debug|Any CPU.Build.0 = Debug|Any CPU
		{5C3B08EF-4A0B-4DE3-9083-5C27A4104725}.Release|Any CPU.ActiveCfg = Release|Any CPU
		{5C3B08EF-4A0B-4DE3-9083-5C27A4104725}.Release|Any CPU.Build.0 = Release|Any CPU
	EndGlobalSection
	GlobalSection(SolutionProperties) = preSolution
		HideSolutionNode = FALSE
	EndGlobalSection
	GlobalSection(ExtensibilityGlobals) = postSolution
		SolutionGuid = {7652F383-F9FB-4A92-894E-3757BC0DFAD9}
	EndGlobalSection
EndGlobal
